// !$*UTF8*$!
{
	archiveVersion = 1;
	classes = {
	};
	objectVersion = 50;
	objects = {

/* Begin PBXBuildFile section */
		CCDBA63E21A994E60094A09E /* main.cpp in Sources */ = {isa = PBXBuildFile; fileRef = CCDBA63D21A994E60094A09E /* main.cpp */; };
		CCDBA64821A9953F0094A09E /* libopencv_imgproc.3.4.2.dylib in Frameworks */ = {isa = PBXBuildFile; fileRef = CCDBA64421A9953E0094A09E /* libopencv_imgproc.3.4.2.dylib */; };
		CCDBA64921A9953F0094A09E /* libopencv_highgui.3.4.2.dylib in Frameworks */ = {isa = PBXBuildFile; fileRef = CCDBA64521A9953E0094A09E /* libopencv_highgui.3.4.2.dylib */; };
		CCDBA64A21A9953F0094A09E /* libopencv_imgcodecs.3.4.2.dylib in Frameworks */ = {isa = PBXBuildFile; fileRef = CCDBA64621A9953F0094A09E /* libopencv_imgcodecs.3.4.2.dylib */; };
		CCDBA64B21A9953F0094A09E /* libopencv_core.3.4.2.dylib in Frameworks */ = {isa = PBXBuildFile; fileRef = CCDBA64721A9953F0094A09E /* libopencv_core.3.4.2.dylib */; };
		CCDBA64D21A995520094A09E /* libopencv_videoio.3.4.2.dylib in Frameworks */ = {isa = PBXBuildFile; fileRef = CCDBA64C21A995520094A09E /* libopencv_videoio.3.4.2.dylib */; };
		CCDBA64F21A995570094A09E /* libopencv_video.3.4.2.dylib in Frameworks */ = {isa = PBXBuildFile; fileRef = CCDBA64E21A995570094A09E /* libopencv_video.3.4.2.dylib */; };
/* End PBXBuildFile section */

/* Begin PBXCopyFilesBuildPhase section */
		CCDBA63821A994E50094A09E /* CopyFiles */ = {
			isa = PBXCopyFilesBuildPhase;
			buildActionMask = 2147483647;
			dstPath = /usr/share/man/man1/;
			dstSubfolderSpec = 0;
			files = (
			);
			runOnlyForDeploymentPostprocessing = 1;
		};
/* End PBXCopyFilesBuildPhase section */

/* Begin PBXFileReference section */
		CCDBA63A21A994E60094A09E /* dartsTest */ = {isa = PBXFileReference; explicitFileType = "compiled.mach-o.executable"; includeInIndex = 0; path = dartsTest; sourceTree = BUILT_PRODUCTS_DIR; };
		CCDBA63D21A994E60094A09E /* main.cpp */ = {isa = PBXFileReference; lastKnownFileType = sourcecode.cpp.cpp; path = main.cpp; sourceTree = "<group>"; };
		CCDBA64421A9953E0094A09E /* libopencv_imgproc.3.4.2.dylib */ = {isa = PBXFileReference; lastKnownFileType = "compiled.mach-o.dylib"; path = libopencv_imgproc.3.4.2.dylib; sourceTree = "<group>"; };
		CCDBA64521A9953E0094A09E /* libopencv_highgui.3.4.2.dylib */ = {isa = PBXFileReference; lastKnownFileType = "compiled.mach-o.dylib"; path = libopencv_highgui.3.4.2.dylib; sourceTree = "<group>"; };
		CCDBA64621A9953F0094A09E /* libopencv_imgcodecs.3.4.2.dylib */ = {isa = PBXFileReference; lastKnownFileType = "compiled.mach-o.dylib"; path = libopencv_imgcodecs.3.4.2.dylib; sourceTree = "<group>"; };
		CCDBA64721A9953F0094A09E /* libopencv_core.3.4.2.dylib */ = {isa = PBXFileReference; lastKnownFileType = "compiled.mach-o.dylib"; path = libopencv_core.3.4.2.dylib; sourceTree = "<group>"; };
		CCDBA64C21A995520094A09E /* libopencv_videoio.3.4.2.dylib */ = {isa = PBXFileReference; lastKnownFileType = "compiled.mach-o.dylib"; path = libopencv_videoio.3.4.2.dylib; sourceTree = "<group>"; };
		CCDBA64E21A995570094A09E /* libopencv_video.3.4.2.dylib */ = {isa = PBXFileReference; lastKnownFileType = "compiled.mach-o.dylib"; path = libopencv_video.3.4.2.dylib; sourceTree = "<group>"; };
/* End PBXFileReference section */

/* Begin PBXFrameworksBuildPhase section */
		CCDBA63721A994E50094A09E /* Frameworks */ = {
			isa = PBXFrameworksBuildPhase;
			buildActionMask = 2147483647;
			files = (
				CCDBA64A21A9953F0094A09E /* libopencv_imgcodecs.3.4.2.dylib in Frameworks */,
				CCDBA64B21A9953F0094A09E /* libopencv_core.3.4.2.dylib in Frameworks */,
				CCDBA64F21A995570094A09E /* libopencv_video.3.4.2.dylib in Frameworks */,
				CCDBA64D21A995520094A09E /* libopencv_videoio.3.4.2.dylib in Frameworks */,
				CCDBA64921A9953F0094A09E /* libopencv_highgui.3.4.2.dylib in Frameworks */,
				CCDBA64821A9953F0094A09E /* libopencv_imgproc.3.4.2.dylib in Frameworks */,
			);
			runOnlyForDeploymentPostprocessing = 0;
		};
/* End PBXFrameworksBuildPhase section */

/* Begin PBXGroup section */
		CCDBA63121A994E50094A09E = {
			isa = PBXGroup;
			children = (
				CCDBA64E21A995570094A09E /* libopencv_video.3.4.2.dylib */,
				CCDBA64C21A995520094A09E /* libopencv_videoio.3.4.2.dylib */,
				CCDBA64721A9953F0094A09E /* libopencv_core.3.4.2.dylib */,
				CCDBA64521A9953E0094A09E /* libopencv_highgui.3.4.2.dylib */,
				CCDBA64621A9953F0094A09E /* libopencv_imgcodecs.3.4.2.dylib */,
				CCDBA64421A9953E0094A09E /* libopencv_imgproc.3.4.2.dylib */,
				CCDBA63C21A994E60094A09E /* dartsTest */,
				CCDBA63B21A994E60094A09E /* Products */,
			);
			sourceTree = "<group>";
		};
		CCDBA63B21A994E60094A09E /* Products */ = {
			isa = PBXGroup;
			children = (
				CCDBA63A21A994E60094A09E /* dartsTest */,
			);
			name = Products;
			sourceTree = "<group>";
		};
		CCDBA63C21A994E60094A09E /* dartsTest */ = {
			isa = PBXGroup;
			children = (
				CCDBA63D21A994E60094A09E /* main.cpp */,
			);
			path = dartsTest;
			sourceTree = "<group>";
		};
/* End PBXGroup section */

/* Begin PBXNativeTarget section */
		CCDBA63921A994E50094A09E /* dartsTest */ = {
			isa = PBXNativeTarget;
			buildConfigurationList = CCDBA64121A994E60094A09E /* Build configuration list for PBXNativeTarget "dartsTest" */;
			buildPhases = (
				CCDBA63621A994E50094A09E /* Sources */,
				CCDBA63721A994E50094A09E /* Frameworks */,
				CCDBA63821A994E50094A09E /* CopyFiles */,
			);
			buildRules = (
			);
			dependencies = (
			);
			name = dartsTest;
			productName = dartsTest;
			productReference = CCDBA63A21A994E60094A09E /* dartsTest */;
			productType = "com.apple.product-type.tool";
		};
/* End PBXNativeTarget section */

/* Begin PBXProject section */
		CCDBA63221A994E50094A09E /* Project object */ = {
			isa = PBXProject;
			attributes = {
				LastUpgradeCheck = 1010;
				ORGANIZATIONNAME = "Tomoyuki Hayakawa";
				TargetAttributes = {
					CCDBA63921A994E50094A09E = {
						CreatedOnToolsVersion = 10.1;
					};
				};
			};
			buildConfigurationList = CCDBA63521A994E50094A09E /* Build configuration list for PBXProject "dartsTest" */;
			compatibilityVersion = "Xcode 9.3";
			developmentRegion = en;
			hasScannedForEncodings = 0;
			knownRegions = (
				en,
			);
			mainGroup = CCDBA63121A994E50094A09E;
			productRefGroup = CCDBA63B21A994E60094A09E /* Products */;
			projectDirPath = "";
			projectRoot = "";
			targets = (
				CCDBA63921A994E50094A09E /* dartsTest */,
			);
		};
/* End PBXProject section */

/* Begin PBXSourcesBuildPhase section */
		CCDBA63621A994E50094A09E /* Sources */ = {
			isa = PBXSourcesBuildPhase;
			buildActionMask = 2147483647;
			files = (
				CCDBA63E21A994E60094A09E /* main.cpp in Sources */,
			);
			runOnlyForDeploymentPostprocessing = 0;
		};
/* End PBXSourcesBuildPhase section */

/* Begin XCBuildConfiguration section */
		CCDBA63F21A994E60094A09E /* Debug */ = {
			isa = XCBuildConfiguration;
			buildSettings = {
				ALWAYS_SEARCH_USER_PATHS = NO;
				CLANG_ANALYZER_NONNULL = YES;
				CLANG_ANALYZER_NUMBER_OBJECT_CONVERSION = YES_AGGRESSIVE;
				CLANG_CXX_LANGUAGE_STANDARD = "gnu++14";
				CLANG_CXX_LIBRARY = "libc++";
				CLANG_ENABLE_MODULES = YES;
				CLANG_ENABLE_OBJC_ARC = YES;
				CLANG_ENABLE_OBJC_WEAK = YES;
				CLANG_WARN_BLOCK_CAPTURE_AUTORELEASING = YES;
				CLANG_WARN_BOOL_CONVERSION = YES;
				CLANG_WARN_COMMA = YES;
				CLANG_WARN_CONSTANT_CONVERSION = YES;
				CLANG_WARN_DEPRECATED_OBJC_IMPLEMENTATIONS = YES;
				CLANG_WARN_DIRECT_OBJC_ISA_USAGE = YES_ERROR;
				CLANG_WARN_DOCUMENTATION_COMMENTS = YES;
				CLANG_WARN_EMPTY_BODY = YES;
				CLANG_WARN_ENUM_CONVERSION = YES;
				CLANG_WARN_INFINITE_RECURSION = YES;
				CLANG_WARN_INT_CONVERSION = YES;
				CLANG_WARN_NON_LITERAL_NULL_CONVERSION = YES;
				CLANG_WARN_OBJC_IMPLICIT_RETAIN_SELF = YES;
				CLANG_WARN_OBJC_LITERAL_CONVERSION = YES;
				CLANG_WARN_OBJC_ROOT_CLASS = YES_ERROR;
				CLANG_WARN_RANGE_LOOP_ANALYSIS = YES;
				CLANG_WARN_STRICT_PROTOTYPES = YES;
				CLANG_WARN_SUSPICIOUS_MOVE = YES;
				CLANG_WARN_UNGUARDED_AVAILABILITY = YES_AGGRESSIVE;
				CLANG_WARN_UNREACHABLE_CODE = YES;
				CLANG_WARN__DUPLICATE_METHOD_MATCH = YES;
				CODE_SIGN_IDENTITY = "Mac Developer";
				COPY_PHASE_STRIP = NO;
				DEBUG_INFORMATION_FORMAT = dwarf;
				ENABLE_STRICT_OBJC_MSGSEND = YES;
				ENABLE_TESTABILITY = YES;
				GCC_C_LANGUAGE_STANDARD = gnu11;
				GCC_DYNAMIC_NO_PIC = NO;
				GCC_NO_COMMON_BLOCKS = YES;
				GCC_OPTIMIZATION_LEVEL = 0;
				GCC_PREPROCESSOR_DEFINITIONS = (
					"DEBUG=1",
					"$(inherited)",
				);
				GCC_WARN_64_TO_32_BIT_CONVERSION = YES;
				GCC_WARN_ABOUT_RETURN_TYPE = YES_ERROR;
				GCC_WARN_UNDECLARED_SELECTOR = YES;
				GCC_WARN_UNINITIALIZED_AUTOS = YES_AGGRESSIVE;
				GCC_WARN_UNUSED_FUNCTION = YES;
				GCC_WARN_UNUSED_VARIABLE = YES;
				MACOSX_DEPLOYMENT_TARGET = 10.14;
				MTL_ENABLE_DEBUG_INFO = INCLUDE_SOURCE;
				MTL_FAST_MATH = YES;
				ONLY_ACTIVE_ARCH = YES;
				SDKROOT = macosx;
			};
			name = Debug;
		};
		CCDBA64021A994E60094A09E /* Release */ = {
			isa = XCBuildConfiguration;
			buildSettings = {
				ALWAYS_SEARCH_USER_PATHS = NO;
				CLANG_ANALYZER_NONNULL = YES;
				CLANG_ANALYZER_NUMBER_OBJECT_CONVERSION = YES_AGGRESSIVE;
				CLANG_CXX_LANGUAGE_STANDARD = "gnu++14";
				CLANG_CXX_LIBRARY = "libc++";
				CLANG_ENABLE_MODULES = YES;
				CLANG_ENABLE_OBJC_ARC = YES;
				CLANG_ENABLE_OBJC_WEAK = YES;
				CLANG_WARN_BLOCK_CAPTURE_AUTORELEASING = YES;
				CLANG_WARN_BOOL_CONVERSION = YES;
				CLANG_WARN_COMMA = YES;
				CLANG_WARN_CONSTANT_CONVERSION = YES;
				CLANG_WARN_DEPRECATED_OBJC_IMPLEMENTATIONS = YES;
				CLANG_WARN_DIRECT_OBJC_ISA_USAGE = YES_ERROR;
				CLANG_WARN_DOCUMENTATION_COMMENTS = YES;
				CLANG_WARN_EMPTY_BODY = YES;
				CLANG_WARN_ENUM_CONVERSION = YES;
				CLANG_WARN_INFINITE_RECURSION = YES;
				CLANG_WARN_INT_CONVERSION = YES;
				CLANG_WARN_NON_LITERAL_NULL_CONVERSION = YES;
				CLANG_WARN_OBJC_IMPLICIT_RETAIN_SELF = YES;
				CLANG_WARN_OBJC_LITERAL_CONVERSION = YES;
				CLANG_WARN_OBJC_ROOT_CLASS = YES_ERROR;
				CLANG_WARN_RANGE_LOOP_ANALYSIS = YES;
				CLANG_WARN_STRICT_PROTOTYPES = YES;
				CLANG_WARN_SUSPICIOUS_MOVE = YES;
				CLANG_WARN_UNGUARDED_AVAILABILITY = YES_AGGRESSIVE;
				CLANG_WARN_UNREACHABLE_CODE = YES;
				CLANG_WARN__DUPLICATE_METHOD_MATCH = YES;
				CODE_SIGN_IDENTITY = "Mac Developer";
				COPY_PHASE_STRIP = NO;
				DEBUG_INFORMATION_FORMAT = "dwarf-with-dsym";
				ENABLE_NS_ASSERTIONS = NO;
				ENABLE_STRICT_OBJC_MSGSEND = YES;
				GCC_C_LANGUAGE_STANDARD = gnu11;
				GCC_NO_COMMON_BLOCKS = YES;
				GCC_WARN_64_TO_32_BIT_CONVERSION = YES;
				GCC_WARN_ABOUT_RETURN_TYPE = YES_ERROR;
				GCC_WARN_UNDECLARED_SELECTOR = YES;
				GCC_WARN_UNINITIALIZED_AUTOS = YES_AGGRESSIVE;
				GCC_WARN_UNUSED_FUNCTION = YES;
				GCC_WARN_UNUSED_VARIABLE = YES;
				MACOSX_DEPLOYMENT_TARGET = 10.14;
				MTL_ENABLE_DEBUG_INFO = NO;
				MTL_FAST_MATH = YES;
				SDKROOT = macosx;
			};
			name = Release;
		};
		CCDBA64221A994E60094A09E /* Debug */ = {
			isa = XCBuildConfiguration;
			buildSettings = {
				CODE_SIGN_STYLE = Automatic;
				DEVELOPMENT_TEAM = 7BYUJ689J5;
				HEADER_SEARCH_PATHS = (
					/usr/local/Cellar/opencv/3.4.2/include,
					/usr/local/Cellar/opencv/3.4.2/include/opencv/,
					/usr/local/Cellar/opencv/3.4.2/include/opencv2/,
				);
				LIBRARY_SEARCH_PATHS = (
					"$(inherited)",
					"$(PROJECT_DIR)",
				);
				PRODUCT_NAME = "$(TARGET_NAME)";
			};
			name = Debug;
		};
		CCDBA64321A994E60094A09E /* Release */ = {
			isa = XCBuildConfiguration;
			buildSettings = {
				CODE_SIGN_STYLE = Automatic;
				DEVELOPMENT_TEAM = 7BYUJ689J5;
				HEADER_SEARCH_PATHS = (
					/usr/local/Cellar/opencv/3.4.2/include,
					/usr/local/Cellar/opencv/3.4.2/include/opencv/,
					/usr/local/Cellar/opencv/3.4.2/include/opencv2/,
				);
				LIBRARY_SEARCH_PATHS = (
					"$(inherited)",
					"$(PROJECT_DIR)",
				);
				PRODUCT_NAME = "$(TARGET_NAME)";
			};
			name = Release;
		};
/* End XCBuildConfiguration section */

/* Begin XCConfigurationList section */
		CCDBA63521A994E50094A09E /* Build configuration list for PBXProject "dartsTest" */ = {
			isa = XCConfigurationList;
			buildConfigurations = (
				CCDBA63F21A994E60094A09E /* Debug */,
				CCDBA64021A994E60094A09E /* Release */,
			);
			defaultConfigurationIsVisible = 0;
			defaultConfigurationName = Release;
		};
		CCDBA64121A994E60094A09E /* Build configuration list for PBXNativeTarget "dartsTest" */ = {
			isa = XCConfigurationList;
			buildConfigurations = (
				CCDBA64221A994E60094A09E /* Debug */,
				CCDBA64321A994E60094A09E /* Release */,
			);
			defaultConfigurationIsVisible = 0;
			defaultConfigurationName = Release;
		};
/* End XCConfigurationList section */
	};
	rootObject = CCDBA63221A994E50094A09E /* Project object */;
}
